
Microsoft Visual Studio Solution File, Format Version 12.00
# Visual Studio 2013
VisualStudioVersion = 12.0.40629.0
MinimumVisualStudioVersion = 10.0.40219.1
Project("{FAE04EC0-301F-11D3-BF4B-00C04F79EFBC}") = "DiagnoseAssistant1", "DiagnoseAssistant\DiagnoseAssistant1.csproj", "{66870A1F-827B-495A-9826-F4B41671ED3A}"
EndProject
Project("{E24C65DC-7377-472B-9ABA-BC803B73C61A}") = "chrome_close", "http://localhost:9338", "{2C7D708C-4CFB-4A37-B564-C06D0F9010F9}"
	ProjectSection(WebsiteProperties) = preProject
		UseIISExpress = "true"
		TargetFrameworkMoniker = ".NETFramework,Version%3Dv4.0"
		Debug.AspNetCompiler.VirtualPath = "/localhost_9338"
		Debug.AspNetCompiler.PhysicalPath = "chrome_close\"
		Debug.AspNetCompiler.TargetPath = "PrecompiledWeb\localhost_9338\"
		Debug.AspNetCompiler.Updateable = "true"
		Debug.AspNetCompiler.ForceOverwrite = "true"
		Debug.AspNetCompiler.FixedNames = "false"
		Debug.AspNetCompiler.Debug = "True"
		Release.AspNetCompiler.VirtualPath = "/localhost_9338"
		Release.AspNetCompiler.PhysicalPath = "chrome_close\"
		Release.AspNetCompiler.TargetPath = "PrecompiledWeb\localhost_9338\"
		Release.AspNetCompiler.Updateable = "true"
		Release.AspNetCompiler.ForceOverwrite = "true"
		Release.AspNetCompiler.FixedNames = "false"
		Release.AspNetCompiler.Debug = "False"
		SlnRelativePath = "chrome_close\"
	EndProjectSection
EndProject
Project("{E24C65DC-7377-472B-9ABA-BC803B73C61A}") = "deploy", "http://localhost:49699", "{83FE5A84-ABB2-4B02-85E1-05CC94822F31}"
	ProjectSection(WebsiteProperties) = preProject
		UseIISExpress = "true"
		TargetFrameworkMoniker = ".NETFramework,Version%3Dv4.0"
		Debug.AspNetCompiler.VirtualPath = "/localhost_49699"
		Debug.AspNetCompiler.PhysicalPath = "deploy\"
		Debug.AspNetCompiler.TargetPath = "PrecompiledWeb\localhost_49699\"
		Debug.AspNetCompiler.Updateable = "true"
		Debug.AspNetCompiler.ForceOverwrite = "true"
		Debug.AspNetCompiler.FixedNames = "false"
		Debug.AspNetCompiler.Debug = "True"
		Release.AspNetCompiler.VirtualPath = "/localhost_49699"
		Release.AspNetCompiler.PhysicalPath = "deploy\"
		Release.AspNetCompiler.TargetPath = "PrecompiledWeb\localhost_49699\"
		Release.AspNetCompiler.Updateable = "true"
		Release.AspNetCompiler.ForceOverwrite = "true"
		Release.AspNetCompiler.FixedNames = "false"
		Release.AspNetCompiler.Debug = "False"
		SlnRelativePath = "deploy\"
	EndProjectSection
EndProject
Project("{FAE04EC0-301F-11D3-BF4B-00C04F79EFBC}") = "AutoAccess", "AutoAccess\AutoAccess.csproj", "{0BD23FCE-8192-4D2A-A543-B13D6F3FBC75}"
EndProject
Project("{FAE04EC0-301F-11D3-BF4B-00C04F79EFBC}") = "CSharpTest", "CSharpTest\CSharpTest.csproj", "{0074C3ED-3927-46D5-9767-AB48F1CC61F7}"
EndProject
Global
	GlobalSection(SolutionConfigurationPlatforms) = preSolution
		Debug|Any CPU = Debug|Any CPU
		Release|Any CPU = Release|Any CPU
	EndGlobalSection
	GlobalSection(ProjectConfigurationPlatforms) = postSolution
		{66870A1F-827B-495A-9826-F4B41671ED3A}.Debug|Any CPU.ActiveCfg = Debug|Any CPU
		{66870A1F-827B-495A-9826-F4B41671ED3A}.Debug|Any CPU.Build.0 = Debug|Any CPU
		{66870A1F-827B-495A-9826-F4B41671ED3A}.Release|Any CPU.ActiveCfg = Release|Any CPU
		{66870A1F-827B-495A-9826-F4B41671ED3A}.Release|Any CPU.Build.0 = Release|Any CPU
		{2C7D708C-4CFB-4A37-B564-C06D0F9010F9}.Debug|Any CPU.ActiveCfg = Debug|Any CPU
		{2C7D708C-4CFB-4A37-B564-C06D0F9010F9}.Debug|Any CPU.Build.0 = Debug|Any CPU
		{2C7D708C-4CFB-4A37-B564-C06D0F9010F9}.Release|Any CPU.ActiveCfg = Debug|Any CPU
		{2C7D708C-4CFB-4A37-B564-C06D0F9010F9}.Release|Any CPU.Build.0 = Debug|Any CPU
		{83FE5A84-ABB2-4B02-85E1-05CC94822F31}.Debug|Any CPU.ActiveCfg = Debug|Any CPU
		{83FE5A84-ABB2-4B02-85E1-05CC94822F31}.Debug|Any CPU.Build.0 = Debug|Any CPU
		{83FE5A84-ABB2-4B02-85E1-05CC94822F31}.Release|Any CPU.ActiveCfg = Debug|Any CPU
		{83FE5A84-ABB2-4B02-85E1-05CC94822F31}.Release|Any CPU.Build.0 = Debug|Any CPU
		{0BD23FCE-8192-4D2A-A543-B13D6F3FBC75}.Debug|Any CPU.ActiveCfg = Debug|Any CPU
		{0BD23FCE-8192-4D2A-A543-B13D6F3FBC75}.Debug|Any CPU.Build.0 = Debug|Any CPU
		{0BD23FCE-8192-4D2A-A543-B13D6F3FBC75}.Release|Any CPU.ActiveCfg = Release|Any CPU
		{0BD23FCE-8192-4D2A-A543-B13D6F3FBC75}.Release|Any CPU.Build.0 = Release|Any CPU
		{0074C3ED-3927-46D5-9767-AB48F1CC61F7}.Debug|Any CPU.ActiveCfg = Debug|Any CPU
		{0074C3ED-3927-46D5-9767-AB48F1CC61F7}.Debug|Any CPU.Build.0 = Debug|Any CPU
		{0074C3ED-3927-46D5-9767-AB48F1CC61F7}.Release|Any CPU.ActiveCfg = Release|Any CPU
		{0074C3ED-3927-46D5-9767-AB48F1CC61F7}.Release|Any CPU.Build.0 = Release|Any CPU
	EndGlobalSection
	GlobalSection(SolutionProperties) = preSolution
		HideSolutionNode = FALSE
	EndGlobalSection
EndGlobal
